
Microsoft Visual Studio Solution File, Format Version 12.00
# Visual Studio 15
VisualStudioVersion = 15.0.26730.10
MinimumVisualStudioVersion = 10.0.40219.1
Project("{FAE04EC0-301F-11D3-BF4B-00C04F79EFBC}") = "Kexles", "Kexles\Kexles.csproj", "{8736B737-EA9C-4724-AB75-BA8E28AB519F}"
EndProject
Global
	GlobalSection(SolutionConfigurationPlatforms) = preSolution
		Debug|Any CPU = Debug|Any CPU
		Release|Any CPU = Release|Any CPU
	EndGlobalSection
	GlobalSection(ProjectConfigurationPlatforms) = postSolution
		{8736B737-EA9C-4724-AB75-BA8E28AB519F}.Debug|Any CPU.ActiveCfg = Debug|Any CPU
		{8736B737-EA9C-4724-AB75-BA8E28AB519F}.Debug|Any CPU.Build.0 = Debug|Any CPU
		{8736B737-EA9C-4724-AB75-BA8E28AB519F}.Release|Any CPU.ActiveCfg = Release|Any CPU
		{8736B737-EA9C-4724-AB75-BA8E28AB519F}.Release|Any CPU.Build.0 = Release|Any CPU
	EndGlobalSection
	GlobalSection(SolutionProperties) = preSolution
		HideSolutionNode = FALSE
	EndGlobalSection
	GlobalSection(ExtensibilityGlobals) = postSolution
		SolutionGuid = {D3E5FC29-D945-4B89-9947-2C6DE109D597}
	EndGlobalSection
EndGlobal
